{
  "nodes": {
    "devenv": {
      "locked": {
        "dir": "src/modules",
        "lastModified": 1668885216,
        "narHash": "sha256-spzI8VogG37B6u+p6ikFA0qAgzMI+W/ZYfvimCCq/PI=",
        "owner": "cachix",
        "repo": "devenv",
        "rev": "4787a79b00c5415139c2ae7029c8d870eea831e6",
        "type": "github"
      },
      "original": {
        "dir": "src/modules",
        "owner": "cachix",
        "repo": "devenv",
        "type": "github"
      }
    },
    "flake-utils": {
      "locked": {
        "lastModified": 1667077288,
        "narHash": "sha256-bdC8sFNDpT0HK74u9fUkpbf1MEzVYJ+ka7NXCdgBoaA=",
        "owner": "numtide",
        "repo": "flake-utils",
        "rev": "6ee9ebb6b1ee695d2cacc4faa053a7b9baa76817",
        "type": "github"
      },
      "original": {
        "owner": "numtide",
        "repo": "flake-utils",
        "type": "github"
      }
    },
    "nixpkgs": {
      "locked": {
        "lastModified": 1668882784,
        "narHash": "sha256-L1mHACWrG83j8U/jDtAdQHmVZu+JwVUxRPf5mhuzr2s=",
        "owner": "NixOS",
        "repo": "nixpkgs",
        "rev": "a1b4a562216eba8df3053bd869155dde4b5bca12",
        "type": "github"
      },
      "original": {
        "owner": "NixOS",
        "ref": "nixpkgs-unstable",
        "repo": "nixpkgs",
        "type": "github"
      }
    },
    "pre-commit-hooks": {
      "inputs": {
        "flake-utils": "flake-utils",
        "nixpkgs": [
          "nixpkgs"
        ]
      },
      "locked": {
        "lastModified": 1668887252,
        "narHash": "sha256-3JgsogMPEf5lQPMMmYb4ZNsbUHNlgIxSQmF7Dew6Wek=",
        "owner": "cachix",
        "repo": "pre-commit-hooks.nix",
        "rev": "f66b4ab9c9d831c6302a2afd61df0931fb60499b",
        "type": "github"
      },
      "original": {
        "owner": "cachix",
        "repo": "pre-commit-hooks.nix",
        "type": "github"
      }
    },
    "root": {
      "inputs": {
        "devenv": "devenv",
        "nixpkgs": "nixpkgs",
        "pre-commit-hooks": "pre-commit-hooks"
      }
    }
  },
  "root": "root",
  "version": 7
}
